{
  "version": 4,
  "terraform_version": "0.15.4",
  "serial": 693,
  "lineage": "f5f9f2b5-bff9-7895-1fb7-911bd792fa40",
  "outputs": {
    "gcr_location": {
      "value": "gcr.io/mohab-project-319200",
      "type": "string"
    }
  },
  "resources": [
    {
      "mode": "data",
      "type": "google_container_registry_repository",
      "name": "container_registry",
      "provider": "provider[\"registry.terraform.io/hashicorp/google\"]",
      "instances": [
        {
          "schema_version": 0,
          "attributes": {
            "id": "gcr.io/mohab-project-319200",
            "project": "mohab-project-319200",
            "region": null,
            "repository_url": "gcr.io/mohab-project-319200"
          },
          "sensitive_attributes": []
        }
      ]
    },
    {
      "module": "module.BigQuery-1",
      "mode": "managed",
      "type": "google_bigquery_dataset",
      "name": "dataset",
      "provider": "provider[\"registry.terraform.io/hashicorp/google\"]",
      "instances": [
        {
          "schema_version": 0,
          "attributes": {
            "access": [
              {
                "domain": "",
                "group_by_email": "",
                "role": "OWNER",
                "special_group": "",
                "user_by_email": "eman.hossamgcp@gmail.com",
                "view": []
              },
              {
                "domain": "",
                "group_by_email": "",
                "role": "OWNER",
                "special_group": "projectOwners",
                "user_by_email": "",
                "view": []
              },
              {
                "domain": "",
                "group_by_email": "",
                "role": "READER",
                "special_group": "projectReaders",
                "user_by_email": "",
                "view": []
              },
              {
                "domain": "",
                "group_by_email": "",
                "role": "WRITER",
                "special_group": "projectWriters",
                "user_by_email": "",
                "view": []
              }
            ],
            "creation_time": 1626143252144,
            "dataset_id": "1",
            "default_encryption_configuration": [],
            "default_partition_expiration_ms": 0,
            "default_table_expiration_ms": 0,
            "delete_contents_on_destroy": false,
            "description": "",
            "etag": "mhDiIS/+o/yIWjOH+LUJbQ==",
            "friendly_name": "dataset 1",
            "id": "projects/mohab-project-319200/datasets/1",
            "labels": null,
            "last_modified_time": 1626143252144,
            "location": "US",
            "project": "mohab-project-319200",
            "self_link": "https://bigquery.googleapis.com/bigquery/v2/projects/mohab-project-319200/datasets/1",
            "timeouts": null
          },
          "sensitive_attributes": [],
          "private": "eyJlMmJmYjczMC1lY2FhLTExZTYtOGY4OC0zNDM2M2JjN2M0YzAiOnsiY3JlYXRlIjoyNDAwMDAwMDAwMDAsImRlbGV0ZSI6MjQwMDAwMDAwMDAwLCJ1cGRhdGUiOjI0MDAwMDAwMDAwMH19"
        }
      ]
    },
    {
      "module": "module.BigQuery-2",
      "mode": "managed",
      "type": "google_bigquery_dataset",
      "name": "dataset",
      "provider": "provider[\"registry.terraform.io/hashicorp/google\"]",
      "instances": [
        {
          "schema_version": 0,
          "attributes": {
            "access": [
              {
                "domain": "",
                "group_by_email": "",
                "role": "OWNER",
                "special_group": "",
                "user_by_email": "eman.hossamgcp@gmail.com",
                "view": []
              },
              {
                "domain": "",
                "group_by_email": "",
                "role": "OWNER",
                "special_group": "projectOwners",
                "user_by_email": "",
                "view": []
              },
              {
                "domain": "",
                "group_by_email": "",
                "role": "READER",
                "special_group": "projectReaders",
                "user_by_email": "",
                "view": []
              },
              {
                "domain": "",
                "group_by_email": "",
                "role": "WRITER",
                "special_group": "projectWriters",
                "user_by_email": "",
                "view": []
              }
            ],
            "creation_time": 1626143252242,
            "dataset_id": "2",
            "default_encryption_configuration": [],
            "default_partition_expiration_ms": 0,
            "default_table_expiration_ms": 0,
            "delete_contents_on_destroy": false,
            "description": "",
            "etag": "vqP74Ku9IlXnIhVCxSndCw==",
            "friendly_name": "dataset 2",
            "id": "projects/mohab-project-319200/datasets/2",
            "labels": null,
            "last_modified_time": 1626143252242,
            "location": "US",
            "project": "mohab-project-319200",
            "self_link": "https://bigquery.googleapis.com/bigquery/v2/projects/mohab-project-319200/datasets/2",
            "timeouts": null
          },
          "sensitive_attributes": [],
          "private": "eyJlMmJmYjczMC1lY2FhLTExZTYtOGY4OC0zNDM2M2JjN2M0YzAiOnsiY3JlYXRlIjoyNDAwMDAwMDAwMDAsImRlbGV0ZSI6MjQwMDAwMDAwMDAwLCJ1cGRhdGUiOjI0MDAwMDAwMDAwMH19"
        }
      ]
    },
    {
      "module": "module.BigQuery-3",
      "mode": "managed",
      "type": "google_bigquery_dataset",
      "name": "dataset",
      "provider": "provider[\"registry.terraform.io/hashicorp/google\"]",
      "instances": [
        {
          "schema_version": 0,
          "attributes": {
            "access": [
              {
                "domain": "",
                "group_by_email": "",
                "role": "OWNER",
                "special_group": "",
                "user_by_email": "eman.hossamgcp@gmail.com",
                "view": []
              },
              {
                "domain": "",
                "group_by_email": "",
                "role": "OWNER",
                "special_group": "projectOwners",
                "user_by_email": "",
                "view": []
              },
              {
                "domain": "",
                "group_by_email": "",
                "role": "READER",
                "special_group": "projectReaders",
                "user_by_email": "",
                "view": []
              },
              {
                "domain": "",
                "group_by_email": "",
                "role": "WRITER",
                "special_group": "projectWriters",
                "user_by_email": "",
                "view": []
              }
            ],
            "creation_time": 1626143252149,
            "dataset_id": "3",
            "default_encryption_configuration": [],
            "default_partition_expiration_ms": 0,
            "default_table_expiration_ms": 0,
            "delete_contents_on_destroy": false,
            "description": "",
            "etag": "4+lGXR2Tdq6WZIpa6cjp/Q==",
            "friendly_name": "dataset 3",
            "id": "projects/mohab-project-319200/datasets/3",
            "labels": null,
            "last_modified_time": 1626143252149,
            "location": "US",
            "project": "mohab-project-319200",
            "self_link": "https://bigquery.googleapis.com/bigquery/v2/projects/mohab-project-319200/datasets/3",
            "timeouts": null
          },
          "sensitive_attributes": [],
          "private": "eyJlMmJmYjczMC1lY2FhLTExZTYtOGY4OC0zNDM2M2JjN2M0YzAiOnsiY3JlYXRlIjoyNDAwMDAwMDAwMDAsImRlbGV0ZSI6MjQwMDAwMDAwMDAwLCJ1cGRhdGUiOjI0MDAwMDAwMDAwMH19"
        }
      ]
    },
    {
      "module": "module.VM",
      "mode": "managed",
      "type": "google_compute_instance",
      "name": "vm_instance",
      "provider": "provider[\"registry.terraform.io/hashicorp/google\"]",
      "instances": [
        {
          "schema_version": 6,
          "attributes": {
            "allow_stopping_for_update": true,
            "attached_disk": [],
            "boot_disk": [
              {
                "auto_delete": true,
                "device_name": "persistent-disk-0",
                "disk_encryption_key_raw": "",
                "disk_encryption_key_sha256": "",
                "initialize_params": [
                  {
                    "image": "https://www.googleapis.com/compute/v1/projects/debian-cloud/global/images/debian-9-stretch-v20210701",
                    "labels": {},
                    "size": 10,
                    "type": "pd-standard"
                  }
                ],
                "kms_key_self_link": "",
                "mode": "READ_WRITE",
                "source": "https://www.googleapis.com/compute/v1/projects/mohab-project-319200/zones/us-central1-a/disks/test-vm"
              }
            ],
            "can_ip_forward": false,
            "confidential_instance_config": [],
            "cpu_platform": "Intel Haswell",
            "current_status": "RUNNING",
            "deletion_protection": false,
            "description": "",
            "desired_status": null,
            "enable_display": false,
            "guest_accelerator": [],
            "hostname": "",
            "id": "projects/mohab-project-319200/zones/us-central1-a/instances/test-vm",
            "instance_id": "1328297701237933229",
            "label_fingerprint": "42WmSpB8rSM=",
            "labels": null,
            "machine_type": "n1-standard-1",
            "metadata": null,
            "metadata_fingerprint": "JIeYQEcMveU=",
            "metadata_startup_script": "",
            "min_cpu_platform": "",
            "name": "test-vm",
            "network_interface": [
              {
                "access_config": [],
                "alias_ip_range": [],
                "name": "nic0",
                "network": "https://www.googleapis.com/compute/v1/projects/mohab-project-319200/global/networks/main-vpc",
                "network_ip": "10.0.0.2",
                "nic_type": "",
                "subnetwork": "https://www.googleapis.com/compute/v1/projects/mohab-project-319200/regions/us-central1/subnetworks/subnet-1",
                "subnetwork_project": "mohab-project-319200"
              }
            ],
            "project": "mohab-project-319200",
            "reservation_affinity": [],
            "resource_policies": null,
            "scheduling": [
              {
                "automatic_restart": true,
                "min_node_cpus": 0,
                "node_affinities": [],
                "on_host_maintenance": "MIGRATE",
                "preemptible": false
              }
            ],
            "scratch_disk": [],
            "self_link": "https://www.googleapis.com/compute/v1/projects/mohab-project-319200/zones/us-central1-a/instances/test-vm",
            "service_account": [
              {
                "email": "vm-account@mohab-project-319200.iam.gserviceaccount.com",
                "scopes": [
                  "https://www.googleapis.com/auth/cloud-platform"
                ]
              }
            ],
            "shielded_instance_config": [],
            "tags": null,
            "tags_fingerprint": "42WmSpB8rSM=",
            "timeouts": null,
            "zone": "us-central1-a"
          },
          "sensitive_attributes": [],
          "private": "eyJlMmJmYjczMC1lY2FhLTExZTYtOGY4OC0zNDM2M2JjN2M0YzAiOnsiY3JlYXRlIjoxMjAwMDAwMDAwMDAwLCJkZWxldGUiOjEyMDAwMDAwMDAwMDAsInVwZGF0ZSI6MTIwMDAwMDAwMDAwMH0sInNjaGVtYV92ZXJzaW9uIjoiNiJ9",
          "dependencies": [
            "module.VPC.google_compute_network.vpc_network",
            "module.VPC.google_compute_subnetwork.network-subnet",
            "module.vm-account.google_service_account.service-account"
          ]
        }
      ]
    },
    {
      "module": "module.VPC",
      "mode": "managed",
      "type": "google_compute_firewall",
      "name": "allow-ingress-from-iap",
      "provider": "provider[\"registry.terraform.io/hashicorp/google\"]",
      "instances": [
        {
          "schema_version": 1,
          "attributes": {
            "allow": [
              {
                "ports": [
                  "22",
                  "3389"
                ],
                "protocol": "tcp"
              }
            ],
            "creation_timestamp": "2021-07-12T19:27:54.255-07:00",
            "deny": [],
            "description": "",
            "destination_ranges": [],
            "direction": "INGRESS",
            "disabled": false,
            "enable_logging": null,
            "id": "projects/mohab-project-319200/global/firewalls/allow-ingress-from-iap",
            "log_config": [],
            "name": "allow-ingress-from-iap",
            "network": "https://www.googleapis.com/compute/v1/projects/mohab-project-319200/global/networks/main-vpc",
            "priority": 1000,
            "project": "mohab-project-319200",
            "self_link": "https://www.googleapis.com/compute/v1/projects/mohab-project-319200/global/firewalls/allow-ingress-from-iap",
            "source_ranges": [
              "35.235.240.0/20"
            ],
            "source_service_accounts": null,
            "source_tags": null,
            "target_service_accounts": null,
            "target_tags": null,
            "timeouts": null
          },
          "sensitive_attributes": [],
          "private": "eyJlMmJmYjczMC1lY2FhLTExZTYtOGY4OC0zNDM2M2JjN2M0YzAiOnsiY3JlYXRlIjoyNDAwMDAwMDAwMDAsImRlbGV0ZSI6MjQwMDAwMDAwMDAwLCJ1cGRhdGUiOjI0MDAwMDAwMDAwMH0sInNjaGVtYV92ZXJzaW9uIjoiMSJ9",
          "dependencies": [
            "module.VPC.google_compute_network.vpc_network"
          ]
        }
      ]
    },
    {
      "module": "module.VPC",
      "mode": "managed",
      "type": "google_compute_network",
      "name": "vpc_network",
      "provider": "provider[\"registry.terraform.io/hashicorp/google\"]",
      "instances": [
        {
          "schema_version": 0,
          "attributes": {
            "auto_create_subnetworks": false,
            "delete_default_routes_on_create": false,
            "description": "",
            "gateway_ipv4": "",
            "id": "projects/mohab-project-319200/global/networks/main-vpc",
            "mtu": 0,
            "name": "main-vpc",
            "project": "mohab-project-319200",
            "routing_mode": "REGIONAL",
            "self_link": "https://www.googleapis.com/compute/v1/projects/mohab-project-319200/global/networks/main-vpc",
            "timeouts": null
          },
          "sensitive_attributes": [],
          "private": "eyJlMmJmYjczMC1lY2FhLTExZTYtOGY4OC0zNDM2M2JjN2M0YzAiOnsiY3JlYXRlIjoyNDAwMDAwMDAwMDAsImRlbGV0ZSI6MjQwMDAwMDAwMDAwLCJ1cGRhdGUiOjI0MDAwMDAwMDAwMH19"
        }
      ]
    },
    {
      "module": "module.VPC",
      "mode": "managed",
      "type": "google_compute_subnetwork",
      "name": "cluster_subnetwork",
      "provider": "provider[\"registry.terraform.io/hashicorp/google\"]",
      "instances": [
        {
          "schema_version": 0,
          "attributes": {
            "creation_timestamp": "2021-07-12T19:27:56.200-07:00",
            "description": "",
            "fingerprint": null,
            "gateway_address": "10.5.0.1",
            "id": "projects/mohab-project-319200/regions/us-central1/subnetworks/cluster-subnetwork",
            "ip_cidr_range": "10.5.0.0/16",
            "log_config": [],
            "name": "cluster-subnetwork",
            "network": "https://www.googleapis.com/compute/v1/projects/mohab-project-319200/global/networks/main-vpc",
            "private_ip_google_access": true,
            "private_ipv6_google_access": "DISABLE_GOOGLE_ACCESS",
            "project": "mohab-project-319200",
            "region": "us-central1",
            "secondary_ip_range": [
              {
                "ip_cidr_range": "10.6.0.0/24",
                "range_name": "us-central1-01-gke-01-pods"
              },
              {
                "ip_cidr_range": "10.7.0.0/24",
                "range_name": "us-central1-01-gke-01-services"
              }
            ],
            "self_link": "https://www.googleapis.com/compute/v1/projects/mohab-project-319200/regions/us-central1/subnetworks/cluster-subnetwork",
            "timeouts": null
          },
          "sensitive_attributes": [],
          "private": "eyJlMmJmYjczMC1lY2FhLTExZTYtOGY4OC0zNDM2M2JjN2M0YzAiOnsiY3JlYXRlIjozNjAwMDAwMDAwMDAsImRlbGV0ZSI6MzYwMDAwMDAwMDAwLCJ1cGRhdGUiOjM2MDAwMDAwMDAwMH19",
          "dependencies": [
            "module.VPC.google_compute_network.vpc_network"
          ]
        }
      ]
    },
    {
      "module": "module.VPC",
      "mode": "managed",
      "type": "google_compute_subnetwork",
      "name": "network-subnet",
      "provider": "provider[\"registry.terraform.io/hashicorp/google\"]",
      "instances": [
        {
          "schema_version": 0,
          "attributes": {
            "creation_timestamp": "2021-07-12T19:27:54.539-07:00",
            "description": "",
            "fingerprint": null,
            "gateway_address": "10.0.0.1",
            "id": "projects/mohab-project-319200/regions/us-central1/subnetworks/subnet-1",
            "ip_cidr_range": "10.0.0.0/24",
            "log_config": [],
            "name": "subnet-1",
            "network": "https://www.googleapis.com/compute/v1/projects/mohab-project-319200/global/networks/main-vpc",
            "private_ip_google_access": true,
            "private_ipv6_google_access": "DISABLE_GOOGLE_ACCESS",
            "project": "mohab-project-319200",
            "region": "us-central1",
            "secondary_ip_range": [],
            "self_link": "https://www.googleapis.com/compute/v1/projects/mohab-project-319200/regions/us-central1/subnetworks/subnet-1",
            "timeouts": null
          },
          "sensitive_attributes": [],
          "private": "eyJlMmJmYjczMC1lY2FhLTExZTYtOGY4OC0zNDM2M2JjN2M0YzAiOnsiY3JlYXRlIjozNjAwMDAwMDAwMDAsImRlbGV0ZSI6MzYwMDAwMDAwMDAwLCJ1cGRhdGUiOjM2MDAwMDAwMDAwMH19",
          "dependencies": [
            "module.VPC.google_compute_network.vpc_network"
          ]
        }
      ]
    },
    {
      "module": "module.bq-role",
      "mode": "managed",
      "type": "google_project_iam_member",
      "name": "bigquery_admin",
      "provider": "provider[\"registry.terraform.io/hashicorp/google\"]",
      "instances": [
        {
          "schema_version": 0,
          "attributes": {
            "condition": [],
            "etag": "BwXG9/s42DQ=",
            "id": "mohab-project-319200/roles/bigquery.admin/serviceAccount:vm-account@mohab-project-319200.iam.gserviceaccount.com",
            "member": "serviceAccount:vm-account@mohab-project-319200.iam.gserviceaccount.com",
            "project": "mohab-project-319200",
            "role": "roles/bigquery.admin"
          },
          "sensitive_attributes": [],
          "private": "bnVsbA==",
          "dependencies": [
            "module.vm-account.google_service_account.service-account"
          ]
        }
      ]
    },
    {
      "module": "module.cr-role",
      "mode": "managed",
      "type": "google_project_iam_member",
      "name": "bigquery_admin",
      "provider": "provider[\"registry.terraform.io/hashicorp/google\"]",
      "instances": [
        {
          "schema_version": 0,
          "attributes": {
            "condition": [],
            "etag": "BwXG9/s42DQ=",
            "id": "mohab-project-319200/roles/containerregistry.ServiceAgent/serviceAccount:gke-account@mohab-project-319200.iam.gserviceaccount.com",
            "member": "serviceAccount:gke-account@mohab-project-319200.iam.gserviceaccount.com",
            "project": "mohab-project-319200",
            "role": "roles/containerregistry.ServiceAgent"
          },
          "sensitive_attributes": [],
          "private": "bnVsbA==",
          "dependencies": [
            "module.gke-account.google_service_account.service-account"
          ]
        }
      ]
    },
    {
      "module": "module.gke",
      "mode": "managed",
      "type": "google_container_cluster",
      "name": "cluster",
      "provider": "provider[\"registry.terraform.io/hashicorp/google\"]",
      "instances": [
        {
          "schema_version": 1,
          "attributes": {
            "addons_config": [
              {
                "cloudrun_config": [],
                "horizontal_pod_autoscaling": [],
                "http_load_balancing": [],
                "network_policy_config": [
                  {
                    "disabled": false
                  }
                ]
              }
            ],
            "authenticator_groups_config": [],
            "cluster_autoscaling": [
              {
                "auto_provisioning_defaults": [],
                "enabled": false,
                "resource_limits": []
              }
            ],
            "cluster_ipv4_cidr": "10.6.0.0/24",
            "database_encryption": [
              {
                "key_name": "",
                "state": "DECRYPTED"
              }
            ],
            "datapath_provider": "",
            "default_max_pods_per_node": 20,
            "default_snat_status": [
              {
                "disabled": false
              }
            ],
            "description": "",
            "enable_autopilot": false,
            "enable_binary_authorization": false,
            "enable_intranode_visibility": false,
            "enable_kubernetes_alpha": false,
            "enable_legacy_abac": false,
            "enable_shielded_nodes": false,
            "enable_tpu": false,
            "endpoint": "10.2.20.2",
            "id": "projects/mohab-project-319200/locations/us-central1/clusters/gke-cluster",
            "initial_node_count": 1,
            "instance_group_urls": [],
            "ip_allocation_policy": [
              {
                "cluster_ipv4_cidr_block": "10.6.0.0/24",
                "cluster_secondary_range_name": "us-central1-01-gke-01-pods",
                "services_ipv4_cidr_block": "10.7.0.0/24",
                "services_secondary_range_name": "us-central1-01-gke-01-services"
              }
            ],
            "label_fingerprint": "a9dc16a7",
            "location": "us-central1",
            "logging_service": "logging.googleapis.com/kubernetes",
            "maintenance_policy": [],
            "master_auth": [
              {
                "client_certificate": "",
                "client_certificate_config": [
                  {
                    "issue_client_certificate": false
                  }
                ],
                "client_key": "",
                "cluster_ca_certificate": "LS0tLS1CRUdJTiBDRVJUSUZJQ0FURS0tLS0tCk1JSURLakNDQWhLZ0F3SUJBZ0lRS3Q4Q3grVXJtU0xMNmNaWWNyZlZEREFOQmdrcWhraUc5dzBCQVFzRkFEQXYKTVMwd0t3WURWUVFERXlSaE1HTmpaalUyT0MweE5tRmtMVFJpTkRRdFltVTVOUzB6WVRZek56TTBPRGRqTldVdwpIaGNOTWpFd056RXpNREV5T0RJNFdoY05Nall3TnpFeU1ESXlPREk0V2pBdk1TMHdLd1lEVlFRREV5UmhNR05qClpqVTJPQzB4Tm1Ga0xUUmlORFF0WW1VNU5TMHpZVFl6TnpNME9EZGpOV1V3Z2dFaU1BMEdDU3FHU0liM0RRRUIKQVFVQUE0SUJEd0F3Z2dFS0FvSUJBUURIcW5Tbkg1MWdDMnRHa0dEYVc4WStzb29BdFlQMXg3enZxS2ZmUmlLWAppZVZyWDk2OEN3REZKSFVXNjA1Y3B1ZUR2M3R3RGx5ZFVuRGlmc3JIUzJiOWVkU1BNaUhIZUZ3SDNRdDRrR3UvCmVnNzZRRU1RcU9FVXNzd0pjT1VSSExaOGZFTWdnVlFIQTJjWDJ3R25TQzRyN0lqdEs2bmxqVHRCRTVsSmc5NEsKeEE4WkpoUURyZ2JSMDBNYTBHMGVCcy9VZWVrRkRJL1pxWTdKYmpla3ExQkJSeFN3VExIMHFhNXN6aFR1d2ZaWgpvZHFyVUhRbnRmYWhTR1hRU1FRUzdMQWc4TUdTbU0xYnRJL21DZERxL2ZlVk85dXJ5eWp2RTNsRm12SnJ3MmZNClkwdnN2ZW53VC9qcDIxczZXak1Mc3liTEJMbmRTeWFJd3VCMzdRMFBhN1YzQWdNQkFBR2pRakJBTUE0R0ExVWQKRHdFQi93UUVBd0lDQkRBUEJnTlZIUk1CQWY4RUJUQURBUUgvTUIwR0ExVWREZ1FXQkJSME41S2MrdWlYL3FlbApPN1Rla1U2NVNOSFJsREFOQmdrcWhraUc5dzBCQVFzRkFBT0NBUUVBanlwV0ZNY0Q2SnZNamFDL0l4WVBkdlJaCmQ0ZHp1YnZGdWprQngyL0hQeDJTc1VLWFhxVWYzSU0xV2RhazMxVHM4UHhpOTVBUWx6N2ttajFrR3duVDVjMGcKRU5QVmRNSERScHRzREpGYVV6c3lnd0JGSDFlNmpnN0FYT3YvcWpPSFVJeURWeGJ3KzZJZnRMWTFWMTZ0TlR5dApUSmdjY3hMK1lpR3YvWXNjY2xYb0RwMXJadzhoeHpQZGVzRGJJblRvNzY1RjV6UUdyTFczYWM2Q0J5Q2VyUHNnCkVoc3FhVXA5bmRlNXZKQVBOaEttcC96UThvT2k1V2xoU01USGZTQXpYTGtHaFBPWEJlM2FkdC9kUlB0RHJvUEsKOWxWd1RSZktjQlVrZUZBakRnU1dkTjFaclNGc29FWVhtV0JkZ2VXVGtZaTM4VEY2enlDVnFDcEMrb2pKb2c9PQotLS0tLUVORCBDRVJUSUZJQ0FURS0tLS0tCg==",
                "password": "",
                "username": ""
              }
            ],
            "master_authorized_networks_config": [
              {
                "cidr_blocks": [
                  {
                    "cidr_block": "10.0.0.0/24",
                    "display_name": "authorized_network"
                  }
                ]
              }
            ],
            "master_version": "1.19.9-gke.1900",
            "min_master_version": null,
            "monitoring_service": "monitoring.googleapis.com/kubernetes",
            "name": "gke-cluster",
            "network": "projects/mohab-project-319200/global/networks/main-vpc",
            "network_policy": [
              {
                "enabled": true,
                "provider": ""
              }
            ],
            "networking_mode": "VPC_NATIVE",
            "node_config": [],
            "node_locations": [
              "us-central1-c",
              "us-central1-f"
            ],
            "node_pool": [],
            "node_version": "1.19.9-gke.1900",
            "operation": null,
            "pod_security_policy_config": [],
            "private_cluster_config": [
              {
                "enable_private_endpoint": true,
                "enable_private_nodes": true,
                "master_global_access_config": [
                  {
                    "enabled": false
                  }
                ],
                "master_ipv4_cidr_block": "10.2.20.0/28",
                "peering_name": "gke-n9b3746ae4c1f0d8a7c1-6809-befb-peer",
                "private_endpoint": "10.2.20.2",
                "public_endpoint": "35.223.230.168"
              }
            ],
            "private_ipv6_google_access": "",
            "project": "mohab-project-319200",
            "release_channel": [
              {
                "channel": "REGULAR"
              }
            ],
            "remove_default_node_pool": true,
            "resource_labels": null,
            "resource_usage_export_config": [],
            "self_link": "https://container.googleapis.com/v1beta1/projects/mohab-project-319200/locations/us-central1/clusters/gke-cluster",
            "services_ipv4_cidr": "10.7.0.0/24",
            "subnetwork": "projects/mohab-project-319200/regions/us-central1/subnetworks/cluster-subnetwork",
            "timeouts": null,
            "tpu_ipv4_cidr_block": "",
            "vertical_pod_autoscaling": [],
            "workload_identity_config": []
          },
          "sensitive_attributes": [],
          "private": "eyJlMmJmYjczMC1lY2FhLTExZTYtOGY4OC0zNDM2M2JjN2M0YzAiOnsiY3JlYXRlIjoyNDAwMDAwMDAwMDAwLCJkZWxldGUiOjI0MDAwMDAwMDAwMDAsInJlYWQiOjI0MDAwMDAwMDAwMDAsInVwZGF0ZSI6MzYwMDAwMDAwMDAwMH0sInNjaGVtYV92ZXJzaW9uIjoiMSJ9",
          "dependencies": [
            "module.VPC.google_compute_network.vpc_network",
            "module.VPC.google_compute_subnetwork.cluster_subnetwork"
          ]
        }
      ]
    },
    {
      "module": "module.gke",
      "mode": "managed",
      "type": "google_container_node_pool",
      "name": "node-pool",
      "provider": "provider[\"registry.terraform.io/hashicorp/google\"]",
      "instances": [
        {
          "schema_version": 1,
          "attributes": {
            "autoscaling": [],
            "cluster": "gke-cluster",
            "id": "projects/mohab-project-319200/locations/us-central1/clusters/gke-cluster/nodePools/my-node-pool",
            "initial_node_count": 2,
            "instance_group_urls": [
              "https://www.googleapis.com/compute/v1/projects/mohab-project-319200/zones/us-central1-c/instanceGroupManagers/gke-gke-cluster-my-node-pool-f653121e-grp",
              "https://www.googleapis.com/compute/v1/projects/mohab-project-319200/zones/us-central1-f/instanceGroupManagers/gke-gke-cluster-my-node-pool-85117595-grp"
            ],
            "location": "us-central1",
            "management": [
              {
                "auto_repair": true,
                "auto_upgrade": true
              }
            ],
            "max_pods_per_node": 20,
            "name": "my-node-pool",
            "name_prefix": "",
            "node_config": [
              {
                "disk_size_gb": 100,
                "disk_type": "pd-standard",
                "guest_accelerator": [],
                "image_type": "COS_CONTAINERD",
                "labels": {},
                "local_ssd_count": 0,
                "machine_type": "e2-standard-2",
                "metadata": {
                  "disable-legacy-endpoints": "true"
                },
                "min_cpu_platform": "",
                "oauth_scopes": [
                  "https://www.googleapis.com/auth/cloud-platform"
                ],
                "preemptible": true,
                "service_account": "gke-account@mohab-project-319200.iam.gserviceaccount.com",
                "shielded_instance_config": [
                  {
                    "enable_integrity_monitoring": true,
                    "enable_secure_boot": false
                  }
                ],
                "tags": null,
                "taint": [],
                "workload_metadata_config": []
              }
            ],
            "node_count": 2,
            "node_locations": [
              "us-central1-c",
              "us-central1-f"
            ],
            "operation": null,
            "project": "mohab-project-319200",
            "timeouts": null,
            "upgrade_settings": [
              {
                "max_surge": 1,
                "max_unavailable": 0
              }
            ],
            "version": "1.19.9-gke.1900"
          },
          "sensitive_attributes": [],
          "private": "eyJlMmJmYjczMC1lY2FhLTExZTYtOGY4OC0zNDM2M2JjN2M0YzAiOnsiY3JlYXRlIjoxODAwMDAwMDAwMDAwLCJkZWxldGUiOjE4MDAwMDAwMDAwMDAsInVwZGF0ZSI6MTgwMDAwMDAwMDAwMH0sInNjaGVtYV92ZXJzaW9uIjoiMSJ9",
          "dependencies": [
            "module.VPC.google_compute_network.vpc_network",
            "module.VPC.google_compute_subnetwork.cluster_subnetwork",
            "module.gke-account.google_service_account.service-account",
            "module.gke.google_container_cluster.cluster"
          ]
        }
      ]
    },
    {
      "module": "module.gke-account",
      "mode": "managed",
      "type": "google_service_account",
      "name": "service-account",
      "provider": "provider[\"registry.terraform.io/hashicorp/google\"]",
      "instances": [
        {
          "schema_version": 0,
          "attributes": {
            "account_id": "gke-account",
            "description": "",
            "display_name": "gke-account",
            "email": "gke-account@mohab-project-319200.iam.gserviceaccount.com",
            "id": "projects/mohab-project-319200/serviceAccounts/gke-account@mohab-project-319200.iam.gserviceaccount.com",
            "name": "projects/mohab-project-319200/serviceAccounts/gke-account@mohab-project-319200.iam.gserviceaccount.com",
            "project": "mohab-project-319200",
            "timeouts": null,
            "unique_id": "110767023524364045652"
          },
          "sensitive_attributes": [],
          "private": "eyJlMmJmYjczMC1lY2FhLTExZTYtOGY4OC0zNDM2M2JjN2M0YzAiOnsiY3JlYXRlIjozMDAwMDAwMDAwMDB9fQ=="
        }
      ]
    },
    {
      "module": "module.gke-role",
      "mode": "managed",
      "type": "google_project_iam_member",
      "name": "bigquery_admin",
      "provider": "provider[\"registry.terraform.io/hashicorp/google\"]",
      "instances": [
        {
          "schema_version": 0,
          "attributes": {
            "condition": [],
            "etag": "BwXG9/s42DQ=",
            "id": "mohab-project-319200/roles/container.admin/serviceAccount:vm-account@mohab-project-319200.iam.gserviceaccount.com",
            "member": "serviceAccount:vm-account@mohab-project-319200.iam.gserviceaccount.com",
            "project": "mohab-project-319200",
            "role": "roles/container.admin"
          },
          "sensitive_attributes": [],
          "private": "bnVsbA==",
          "dependencies": [
            "module.vm-account.google_service_account.service-account"
          ]
        }
      ]
    },
    {
      "module": "module.gs-role",
      "mode": "managed",
      "type": "google_project_iam_member",
      "name": "bigquery_admin",
      "provider": "provider[\"registry.terraform.io/hashicorp/google\"]",
      "instances": [
        {
          "schema_version": 0,
          "attributes": {
            "condition": [],
            "etag": "BwXG9/s42DQ=",
            "id": "mohab-project-319200/roles/storage.objectViewer/serviceAccount:vm-account@mohab-project-319200.iam.gserviceaccount.com",
            "member": "serviceAccount:vm-account@mohab-project-319200.iam.gserviceaccount.com",
            "project": "mohab-project-319200",
            "role": "roles/storage.objectViewer"
          },
          "sensitive_attributes": [],
          "private": "bnVsbA==",
          "dependencies": [
            "module.vm-account.google_service_account.service-account"
          ]
        }
      ]
    },
    {
      "module": "module.gsbucket-1",
      "mode": "managed",
      "type": "google_storage_bucket",
      "name": "bucket",
      "provider": "provider[\"registry.terraform.io/hashicorp/google\"]",
      "instances": [
        {
          "schema_version": 0,
          "attributes": {
            "bucket_policy_only": false,
            "cors": [],
            "default_event_based_hold": false,
            "encryption": [],
            "force_destroy": true,
            "id": "gsbucket-100",
            "labels": null,
            "lifecycle_rule": [],
            "location": "US",
            "logging": [],
            "name": "gsbucket-100",
            "project": "mohab-project-319200",
            "requester_pays": false,
            "retention_policy": [],
            "self_link": "https://www.googleapis.com/storage/v1/b/gsbucket-100",
            "storage_class": "STANDARD",
            "uniform_bucket_level_access": false,
            "url": "gs://gsbucket-100",
            "versioning": [],
            "website": []
          },
          "sensitive_attributes": [],
          "private": "bnVsbA=="
        }
      ]
    },
    {
      "module": "module.gsbucket-2",
      "mode": "managed",
      "type": "google_storage_bucket",
      "name": "bucket",
      "provider": "provider[\"registry.terraform.io/hashicorp/google\"]",
      "instances": [
        {
          "schema_version": 0,
          "attributes": {
            "bucket_policy_only": false,
            "cors": [],
            "default_event_based_hold": false,
            "encryption": [],
            "force_destroy": true,
            "id": "gsbucket-200",
            "labels": null,
            "lifecycle_rule": [],
            "location": "US",
            "logging": [],
            "name": "gsbucket-200",
            "project": "mohab-project-319200",
            "requester_pays": false,
            "retention_policy": [],
            "self_link": "https://www.googleapis.com/storage/v1/b/gsbucket-200",
            "storage_class": "STANDARD",
            "uniform_bucket_level_access": false,
            "url": "gs://gsbucket-200",
            "versioning": [],
            "website": []
          },
          "sensitive_attributes": [],
          "private": "bnVsbA=="
        }
      ]
    },
    {
      "module": "module.gsbucket-3",
      "mode": "managed",
      "type": "google_storage_bucket",
      "name": "bucket",
      "provider": "provider[\"registry.terraform.io/hashicorp/google\"]",
      "instances": [
        {
          "schema_version": 0,
          "attributes": {
            "bucket_policy_only": false,
            "cors": [],
            "default_event_based_hold": false,
            "encryption": [],
            "force_destroy": true,
            "id": "gsbucket-300",
            "labels": null,
            "lifecycle_rule": [],
            "location": "US",
            "logging": [],
            "name": "gsbucket-300",
            "project": "mohab-project-319200",
            "requester_pays": false,
            "retention_policy": [],
            "self_link": "https://www.googleapis.com/storage/v1/b/gsbucket-300",
            "storage_class": "STANDARD",
            "uniform_bucket_level_access": false,
            "url": "gs://gsbucket-300",
            "versioning": [],
            "website": []
          },
          "sensitive_attributes": [],
          "private": "bnVsbA=="
        }
      ]
    },
    {
      "module": "module.vm-account",
      "mode": "managed",
      "type": "google_service_account",
      "name": "service-account",
      "provider": "provider[\"registry.terraform.io/hashicorp/google\"]",
      "instances": [
        {
          "schema_version": 0,
          "attributes": {
            "account_id": "vm-account",
            "description": "",
            "display_name": "vm-account",
            "email": "vm-account@mohab-project-319200.iam.gserviceaccount.com",
            "id": "projects/mohab-project-319200/serviceAccounts/vm-account@mohab-project-319200.iam.gserviceaccount.com",
            "name": "projects/mohab-project-319200/serviceAccounts/vm-account@mohab-project-319200.iam.gserviceaccount.com",
            "project": "mohab-project-319200",
            "timeouts": null,
            "unique_id": "104308469818437740634"
          },
          "sensitive_attributes": [],
          "private": "eyJlMmJmYjczMC1lY2FhLTExZTYtOGY4OC0zNDM2M2JjN2M0YzAiOnsiY3JlYXRlIjozMDAwMDAwMDAwMDB9fQ=="
        }
      ]
    }
  ]
}
