{
  "version": 4,
  "terraform_version": "0.15.4",
  "serial": 450,
  "lineage": "f5f9f2b5-bff9-7895-1fb7-911bd792fa40",
  "outputs": {
    "gcr_location": {
      "value": "gcr.io/mohab-project-319200",
      "type": "string"
    }
  },
  "resources": [
    {
      "mode": "data",
      "type": "google_container_registry_repository",
      "name": "container_registry",
      "provider": "provider[\"registry.terraform.io/hashicorp/google\"]",
      "instances": [
        {
          "schema_version": 0,
          "attributes": {
            "id": "gcr.io/mohab-project-319200",
            "project": "mohab-project-319200",
            "region": null,
            "repository_url": "gcr.io/mohab-project-319200"
          },
          "sensitive_attributes": []
        }
      ]
    },
    {
      "module": "module.VPC",
      "mode": "managed",
      "type": "google_compute_firewall",
      "name": "vpc-allow-icmp",
      "provider": "provider[\"registry.terraform.io/hashicorp/google\"]",
      "instances": [
        {
          "schema_version": 1,
          "attributes": {
            "allow": [
              {
                "ports": [],
                "protocol": "icmp"
              }
            ],
            "creation_timestamp": "2021-07-10T08:37:22.464-07:00",
            "deny": [],
            "description": "",
            "destination_ranges": [],
            "direction": "INGRESS",
            "disabled": false,
            "enable_logging": null,
            "id": "projects/mohab-project-319200/global/firewalls/vpc-allow-icmp",
            "log_config": [],
            "name": "vpc-allow-icmp",
            "network": "https://www.googleapis.com/compute/v1/projects/mohab-project-319200/global/networks/main-vpc",
            "priority": 1000,
            "project": "mohab-project-319200",
            "self_link": "https://www.googleapis.com/compute/v1/projects/mohab-project-319200/global/firewalls/vpc-allow-icmp",
            "source_ranges": [
              "0.0.0.0/0"
            ],
            "source_service_accounts": null,
            "source_tags": null,
            "target_service_accounts": null,
            "target_tags": null,
            "timeouts": null
          },
          "sensitive_attributes": [],
          "private": "eyJlMmJmYjczMC1lY2FhLTExZTYtOGY4OC0zNDM2M2JjN2M0YzAiOnsiY3JlYXRlIjoyNDAwMDAwMDAwMDAsImRlbGV0ZSI6MjQwMDAwMDAwMDAwLCJ1cGRhdGUiOjI0MDAwMDAwMDAwMH0sInNjaGVtYV92ZXJzaW9uIjoiMSJ9",
          "dependencies": [
            "module.VPC.google_compute_network.vpc_network"
          ]
        }
      ]
    },
    {
      "module": "module.VPC",
      "mode": "managed",
      "type": "google_compute_firewall",
      "name": "vpc-allow-internet",
      "provider": "provider[\"registry.terraform.io/hashicorp/google\"]",
      "instances": [
        {
          "schema_version": 1,
          "attributes": {
            "allow": [
              {
                "ports": [
                  "0-65535"
                ],
                "protocol": "tcp"
              },
              {
                "ports": [
                  "0-65535"
                ],
                "protocol": "udp"
              },
              {
                "ports": [],
                "protocol": "icmp"
              }
            ],
            "creation_timestamp": "2021-07-10T08:37:22.516-07:00",
            "deny": [],
            "description": "",
            "destination_ranges": [],
            "direction": "INGRESS",
            "disabled": false,
            "enable_logging": null,
            "id": "projects/mohab-project-319200/global/firewalls/vpc-allow-internet",
            "log_config": [],
            "name": "vpc-allow-internet",
            "network": "https://www.googleapis.com/compute/v1/projects/mohab-project-319200/global/networks/main-vpc",
            "priority": 1000,
            "project": "mohab-project-319200",
            "self_link": "https://www.googleapis.com/compute/v1/projects/mohab-project-319200/global/firewalls/vpc-allow-internet",
            "source_ranges": [
              "0.0.0.0/0"
            ],
            "source_service_accounts": null,
            "source_tags": null,
            "target_service_accounts": null,
            "target_tags": null,
            "timeouts": null
          },
          "sensitive_attributes": [],
          "private": "eyJlMmJmYjczMC1lY2FhLTExZTYtOGY4OC0zNDM2M2JjN2M0YzAiOnsiY3JlYXRlIjoyNDAwMDAwMDAwMDAsImRlbGV0ZSI6MjQwMDAwMDAwMDAwLCJ1cGRhdGUiOjI0MDAwMDAwMDAwMH0sInNjaGVtYV92ZXJzaW9uIjoiMSJ9",
          "dependencies": [
            "module.VPC.google_compute_network.vpc_network"
          ]
        }
      ]
    },
    {
      "module": "module.VPC",
      "mode": "managed",
      "type": "google_compute_firewall",
      "name": "vpc-allow-ssh",
      "provider": "provider[\"registry.terraform.io/hashicorp/google\"]",
      "instances": [
        {
          "schema_version": 1,
          "attributes": {
            "allow": [
              {
                "ports": [
                  "22"
                ],
                "protocol": "tcp"
              }
            ],
            "creation_timestamp": "2021-07-10T08:37:22.505-07:00",
            "deny": [],
            "description": "",
            "destination_ranges": [],
            "direction": "INGRESS",
            "disabled": false,
            "enable_logging": null,
            "id": "projects/mohab-project-319200/global/firewalls/vpc-allow-ssh",
            "log_config": [],
            "name": "vpc-allow-ssh",
            "network": "https://www.googleapis.com/compute/v1/projects/mohab-project-319200/global/networks/main-vpc",
            "priority": 1000,
            "project": "mohab-project-319200",
            "self_link": "https://www.googleapis.com/compute/v1/projects/mohab-project-319200/global/firewalls/vpc-allow-ssh",
            "source_ranges": [
              "0.0.0.0/0"
            ],
            "source_service_accounts": null,
            "source_tags": null,
            "target_service_accounts": null,
            "target_tags": null,
            "timeouts": null
          },
          "sensitive_attributes": [],
          "private": "eyJlMmJmYjczMC1lY2FhLTExZTYtOGY4OC0zNDM2M2JjN2M0YzAiOnsiY3JlYXRlIjoyNDAwMDAwMDAwMDAsImRlbGV0ZSI6MjQwMDAwMDAwMDAwLCJ1cGRhdGUiOjI0MDAwMDAwMDAwMH0sInNjaGVtYV92ZXJzaW9uIjoiMSJ9",
          "dependencies": [
            "module.VPC.google_compute_network.vpc_network"
          ]
        }
      ]
    },
    {
      "module": "module.VPC",
      "mode": "managed",
      "type": "google_compute_network",
      "name": "vpc_network",
      "provider": "provider[\"registry.terraform.io/hashicorp/google\"]",
      "instances": [
        {
          "schema_version": 0,
          "attributes": {
            "auto_create_subnetworks": false,
            "delete_default_routes_on_create": false,
            "description": "",
            "gateway_ipv4": "",
            "id": "projects/mohab-project-319200/global/networks/main-vpc",
            "mtu": 0,
            "name": "main-vpc",
            "project": "mohab-project-319200",
            "routing_mode": "REGIONAL",
            "self_link": "https://www.googleapis.com/compute/v1/projects/mohab-project-319200/global/networks/main-vpc",
            "timeouts": null
          },
          "sensitive_attributes": [],
          "private": "eyJlMmJmYjczMC1lY2FhLTExZTYtOGY4OC0zNDM2M2JjN2M0YzAiOnsiY3JlYXRlIjoyNDAwMDAwMDAwMDAsImRlbGV0ZSI6MjQwMDAwMDAwMDAwLCJ1cGRhdGUiOjI0MDAwMDAwMDAwMH19"
        }
      ]
    },
    {
      "module": "module.VPC",
      "mode": "managed",
      "type": "google_compute_subnetwork",
      "name": "network-subnet",
      "provider": "provider[\"registry.terraform.io/hashicorp/google\"]",
      "instances": [
        {
          "schema_version": 0,
          "attributes": {
            "creation_timestamp": "2021-07-10T08:37:22.768-07:00",
            "description": "",
            "fingerprint": null,
            "gateway_address": "10.0.0.1",
            "id": "projects/mohab-project-319200/regions/us-central1/subnetworks/subnet-1",
            "ip_cidr_range": "10.0.0.0/24",
            "log_config": [],
            "name": "subnet-1",
            "network": "https://www.googleapis.com/compute/v1/projects/mohab-project-319200/global/networks/main-vpc",
            "private_ip_google_access": true,
            "private_ipv6_google_access": "DISABLE_GOOGLE_ACCESS",
            "project": "mohab-project-319200",
            "region": "us-central1",
            "secondary_ip_range": [],
            "self_link": "https://www.googleapis.com/compute/v1/projects/mohab-project-319200/regions/us-central1/subnetworks/subnet-1",
            "timeouts": null
          },
          "sensitive_attributes": [],
          "private": "eyJlMmJmYjczMC1lY2FhLTExZTYtOGY4OC0zNDM2M2JjN2M0YzAiOnsiY3JlYXRlIjozNjAwMDAwMDAwMDAsImRlbGV0ZSI6MzYwMDAwMDAwMDAwLCJ1cGRhdGUiOjM2MDAwMDAwMDAwMH19",
          "dependencies": [
            "module.VPC.google_compute_network.vpc_network"
          ]
        }
      ]
    },
    {
      "module": "module.bq-role",
      "mode": "managed",
      "type": "google_project_iam_member",
      "name": "bigquery_admin",
      "provider": "provider[\"registry.terraform.io/hashicorp/google\"]",
      "instances": [
        {
          "schema_version": 0,
          "attributes": {
            "condition": [],
            "etag": "BwXGxqmt/Mw=",
            "id": "mohab-project-319200/roles/bigquery.admin/serviceAccount:vm-account@mohab-project-319200.iam.gserviceaccount.com",
            "member": "serviceAccount:vm-account@mohab-project-319200.iam.gserviceaccount.com",
            "project": "mohab-project-319200",
            "role": "roles/bigquery.admin"
          },
          "sensitive_attributes": [],
          "private": "bnVsbA==",
          "dependencies": [
            "module.vm-account.google_service_account.service-account"
          ]
        }
      ]
    },
    {
      "module": "module.cr-role",
      "mode": "managed",
      "type": "google_project_iam_member",
      "name": "bigquery_admin",
      "provider": "provider[\"registry.terraform.io/hashicorp/google\"]",
      "instances": [
        {
          "schema_version": 0,
          "attributes": {
            "condition": [],
            "etag": "BwXGxqmt/Mw=",
            "id": "mohab-project-319200/roles/containerregistry.ServiceAgent/serviceAccount:gke-account@mohab-project-319200.iam.gserviceaccount.com",
            "member": "serviceAccount:gke-account@mohab-project-319200.iam.gserviceaccount.com",
            "project": "mohab-project-319200",
            "role": "roles/containerregistry.ServiceAgent"
          },
          "sensitive_attributes": [],
          "private": "bnVsbA==",
          "dependencies": [
            "module.gke-account.google_service_account.service-account"
          ]
        }
      ]
    },
    {
      "module": "module.gke",
      "mode": "managed",
      "type": "google_container_cluster",
      "name": "cluster",
      "provider": "provider[\"registry.terraform.io/hashicorp/google\"]",
      "instances": [
        {
          "schema_version": 1,
          "attributes": {
            "addons_config": [
              {
                "cloudrun_config": [],
                "horizontal_pod_autoscaling": [],
                "http_load_balancing": [],
                "network_policy_config": [
                  {
                    "disabled": true
                  }
                ]
              }
            ],
            "authenticator_groups_config": [],
            "cluster_autoscaling": [
              {
                "auto_provisioning_defaults": [],
                "enabled": false,
                "resource_limits": []
              }
            ],
            "cluster_ipv4_cidr": "10.1.0.0/16",
            "database_encryption": [
              {
                "key_name": "",
                "state": "DECRYPTED"
              }
            ],
            "datapath_provider": "",
            "default_max_pods_per_node": null,
            "default_snat_status": [
              {
                "disabled": false
              }
            ],
            "description": "",
            "enable_autopilot": false,
            "enable_binary_authorization": false,
            "enable_intranode_visibility": false,
            "enable_kubernetes_alpha": false,
            "enable_legacy_abac": false,
            "enable_shielded_nodes": false,
            "enable_tpu": false,
            "endpoint": "34.69.8.81",
            "id": "projects/mohab-project-319200/locations/us-central1/clusters/gke-cluster",
            "initial_node_count": 1,
            "instance_group_urls": [],
            "ip_allocation_policy": [],
            "label_fingerprint": "a9dc16a7",
            "location": "us-central1",
            "logging_service": "logging.googleapis.com/kubernetes",
            "maintenance_policy": [],
            "master_auth": [
              {
                "client_certificate": "",
                "client_certificate_config": [
                  {
                    "issue_client_certificate": false
                  }
                ],
                "client_key": "",
                "cluster_ca_certificate": "LS0tLS1CRUdJTiBDRVJUSUZJQ0FURS0tLS0tCk1JSURLekNDQWhPZ0F3SUJBZ0lSQUl2N3J4U1dMcnRBMVJsWS9tMEZrMUV3RFFZSktvWklodmNOQVFFTEJRQXcKTHpFdE1Dc0dBMVVFQXhNa05UTXdOamhrWXpJdE1XUXdNQzAwWVdNekxXSm1OVEF0TnpZNU9EWTROV0l4Wm1KaQpNQjRYRFRJeE1EY3hNREUwTXpjME5sb1hEVEkyTURjd09URTFNemMwTmxvd0x6RXRNQ3NHQTFVRUF4TWtOVE13Ck5qaGtZekl0TVdRd01DMDBZV016TFdKbU5UQXROelk1T0RZNE5XSXhabUppTUlJQklqQU5CZ2txaGtpRzl3MEIKQVFFRkFBT0NBUThBTUlJQkNnS0NBUUVBeitRc2FTVEF3YnkvTldZOTg2T01mMmM2dG12LzIzNGJjYnQrRUtMUwpEZU1XSWRhaE1OTWJRWS9ielZFb2U5YWpQVElpaWZUMzJXS2ZNalV3MldzUlIvdjFmcHdjZzRCSDF4TXNTR2RnCnlBbXhNOHU1d21RTncxRDI2ZGNPK0JCdUNoaUZFRDNSMFVRVE0yaDFwK3NNVDB2Sy93Nld6K2k0MXlJUEdZb3MKVy9xWUw3alVxWVhwdzNWWTNuclNRQjRETHFxd2VTd2cvZi9TcHhBZmUrRVNTVHg1K2N5SDZkWW1ydWZjdTdpaQpJV0ZKNlI0bStzd2ZsUG1NK0JGTGdWY2VESkFpTjI3OUNZLzhDMFlqRFdjOVV0TVJ6L1dXT1g5QUx6UDhHcEdRCjE0WHBIL2REa3pqZ1BtbHZ3MDF4TFhBZCsyR3Fsa3JFcEVDb3ZnWDNrNlE4NndJREFRQUJvMEl3UURBT0JnTlYKSFE4QkFmOEVCQU1DQWdRd0R3WURWUjBUQVFIL0JBVXdBd0VCL3pBZEJnTlZIUTRFRmdRVTJlN2hVdmFnY2JTMQprdlBvelpsUFJOZDZsdlF3RFFZSktvWklodmNOQVFFTEJRQURnZ0VCQUZDdEtMZUNrRnhaSEdJd3RrS3BueWRoCnl3S28rOUpqRmpaNWpLcnN3a1Eyc01rOFhzUmxtRVNZRVZvQ0F0RDl2R1JPaU5rUzg4blBVR1ZqWXJxSUEyN0wKdjV0ZW1QOHd0dWM1bUlBeUZBckZoQW1pNHhPQU00ODRWdXhPaXJpZy9PWEZXRFVkamhrenIrelFzS3JzdkxKSQpPMlpOK05kL1QydHFjT3hyKzhScDBhbEFuMXFpdjdqUEhmZEgyUVpnVlFDMVp3aWh1alN6SnJiVzNUcVE2OTRFClZuMTdtekFCbHdzWlYzTU1sRDVjczZNNnlLbi9TZk1zMlFUd1ZUT0l0SzYxbWFyZlZ4eEMzV0xzWWFTaDhUakQKMU5aVGppTkZneWhUa3RUOFl0bVFkdlB1a2RqaVdwUCtOVzkzc3FDemp2eUMxajVmUUpBKzVVaFBsTHNaZVljPQotLS0tLUVORCBDRVJUSUZJQ0FURS0tLS0tCg==",
                "password": "",
                "username": ""
              }
            ],
            "master_authorized_networks_config": [],
            "master_version": "1.19.9-gke.1900",
            "min_master_version": null,
            "monitoring_service": "monitoring.googleapis.com/kubernetes",
            "name": "gke-cluster",
            "network": "projects/mohab-project-319200/global/networks/main-vpc",
            "network_policy": [
              {
                "enabled": false,
                "provider": "PROVIDER_UNSPECIFIED"
              }
            ],
            "networking_mode": "ROUTES",
            "node_config": [],
            "node_locations": [
              "us-central1-c",
              "us-central1-f"
            ],
            "node_pool": [],
            "node_version": "1.19.9-gke.1900",
            "operation": null,
            "pod_security_policy_config": [],
            "private_cluster_config": [],
            "private_ipv6_google_access": "",
            "project": "mohab-project-319200",
            "release_channel": [
              {
                "channel": "REGULAR"
              }
            ],
            "remove_default_node_pool": true,
            "resource_labels": null,
            "resource_usage_export_config": [],
            "self_link": "https://container.googleapis.com/v1beta1/projects/mohab-project-319200/locations/us-central1/clusters/gke-cluster",
            "services_ipv4_cidr": "10.1.240.0/20",
            "subnetwork": "projects/mohab-project-319200/regions/us-central1/subnetworks/subnet-1",
            "timeouts": null,
            "tpu_ipv4_cidr_block": "",
            "vertical_pod_autoscaling": [],
            "workload_identity_config": []
          },
          "sensitive_attributes": [],
          "private": "eyJlMmJmYjczMC1lY2FhLTExZTYtOGY4OC0zNDM2M2JjN2M0YzAiOnsiY3JlYXRlIjoyNDAwMDAwMDAwMDAwLCJkZWxldGUiOjI0MDAwMDAwMDAwMDAsInJlYWQiOjI0MDAwMDAwMDAwMDAsInVwZGF0ZSI6MzYwMDAwMDAwMDAwMH0sInNjaGVtYV92ZXJzaW9uIjoiMSJ9",
          "dependencies": [
            "module.VPC.google_compute_network.vpc_network",
            "module.VPC.google_compute_subnetwork.network-subnet"
          ]
        }
      ]
    },
    {
      "module": "module.gke",
      "mode": "managed",
      "type": "google_container_node_pool",
      "name": "node-pool",
      "provider": "provider[\"registry.terraform.io/hashicorp/google\"]",
      "instances": [
        {
          "schema_version": 1,
          "attributes": {
            "autoscaling": [],
            "cluster": "gke-cluster",
            "id": "projects/mohab-project-319200/locations/us-central1/clusters/gke-cluster/nodePools/my-node-pool",
            "initial_node_count": 2,
            "instance_group_urls": [
              "https://www.googleapis.com/compute/v1/projects/mohab-project-319200/zones/us-central1-c/instanceGroupManagers/gke-gke-cluster-my-node-pool-547b68ff-grp",
              "https://www.googleapis.com/compute/v1/projects/mohab-project-319200/zones/us-central1-f/instanceGroupManagers/gke-gke-cluster-my-node-pool-2d839570-grp"
            ],
            "location": "us-central1",
            "management": [
              {
                "auto_repair": true,
                "auto_upgrade": true
              }
            ],
            "max_pods_per_node": null,
            "name": "my-node-pool",
            "name_prefix": "",
            "node_config": [
              {
                "disk_size_gb": 100,
                "disk_type": "pd-standard",
                "guest_accelerator": [],
                "image_type": "COS_CONTAINERD",
                "labels": {},
                "local_ssd_count": 0,
                "machine_type": "e2-standard-2",
                "metadata": {
                  "disable-legacy-endpoints": "true"
                },
                "min_cpu_platform": "",
                "oauth_scopes": [
                  "https://www.googleapis.com/auth/cloud-platform"
                ],
                "preemptible": true,
                "service_account": "gke-account@mohab-project-319200.iam.gserviceaccount.com",
                "shielded_instance_config": [
                  {
                    "enable_integrity_monitoring": true,
                    "enable_secure_boot": false
                  }
                ],
                "tags": null,
                "taint": [],
                "workload_metadata_config": []
              }
            ],
            "node_count": 2,
            "node_locations": [
              "us-central1-c",
              "us-central1-f"
            ],
            "operation": null,
            "project": "mohab-project-319200",
            "timeouts": null,
            "upgrade_settings": [
              {
                "max_surge": 1,
                "max_unavailable": 0
              }
            ],
            "version": "1.19.9-gke.1900"
          },
          "sensitive_attributes": [],
          "private": "eyJlMmJmYjczMC1lY2FhLTExZTYtOGY4OC0zNDM2M2JjN2M0YzAiOnsiY3JlYXRlIjoxODAwMDAwMDAwMDAwLCJkZWxldGUiOjE4MDAwMDAwMDAwMDAsInVwZGF0ZSI6MTgwMDAwMDAwMDAwMH0sInNjaGVtYV92ZXJzaW9uIjoiMSJ9",
          "dependencies": [
            "module.VPC.google_compute_network.vpc_network",
            "module.VPC.google_compute_subnetwork.network-subnet",
            "module.gke-account.google_service_account.service-account",
            "module.gke.google_container_cluster.cluster"
          ]
        }
      ]
    },
    {
      "module": "module.gke-account",
      "mode": "managed",
      "type": "google_service_account",
      "name": "service-account",
      "provider": "provider[\"registry.terraform.io/hashicorp/google\"]",
      "instances": [
        {
          "schema_version": 0,
          "attributes": {
            "account_id": "gke-account",
            "description": "",
            "display_name": "gke-account",
            "email": "gke-account@mohab-project-319200.iam.gserviceaccount.com",
            "id": "projects/mohab-project-319200/serviceAccounts/gke-account@mohab-project-319200.iam.gserviceaccount.com",
            "name": "projects/mohab-project-319200/serviceAccounts/gke-account@mohab-project-319200.iam.gserviceaccount.com",
            "project": "mohab-project-319200",
            "timeouts": null,
            "unique_id": "111595701221570887351"
          },
          "sensitive_attributes": [],
          "private": "eyJlMmJmYjczMC1lY2FhLTExZTYtOGY4OC0zNDM2M2JjN2M0YzAiOnsiY3JlYXRlIjozMDAwMDAwMDAwMDB9fQ=="
        }
      ]
    },
    {
      "module": "module.gs-role",
      "mode": "managed",
      "type": "google_project_iam_member",
      "name": "bigquery_admin",
      "provider": "provider[\"registry.terraform.io/hashicorp/google\"]",
      "instances": [
        {
          "schema_version": 0,
          "attributes": {
            "condition": [],
            "etag": "BwXGxqmt/Mw=",
            "id": "mohab-project-319200/roles/storage.objectViewer/serviceAccount:vm-account@mohab-project-319200.iam.gserviceaccount.com",
            "member": "serviceAccount:vm-account@mohab-project-319200.iam.gserviceaccount.com",
            "project": "mohab-project-319200",
            "role": "roles/storage.objectViewer"
          },
          "sensitive_attributes": [],
          "private": "bnVsbA==",
          "dependencies": [
            "module.vm-account.google_service_account.service-account"
          ]
        }
      ]
    },
    {
      "module": "module.vm-account",
      "mode": "managed",
      "type": "google_service_account",
      "name": "service-account",
      "provider": "provider[\"registry.terraform.io/hashicorp/google\"]",
      "instances": [
        {
          "schema_version": 0,
          "attributes": {
            "account_id": "vm-account",
            "description": "",
            "display_name": "vm-account",
            "email": "vm-account@mohab-project-319200.iam.gserviceaccount.com",
            "id": "projects/mohab-project-319200/serviceAccounts/vm-account@mohab-project-319200.iam.gserviceaccount.com",
            "name": "projects/mohab-project-319200/serviceAccounts/vm-account@mohab-project-319200.iam.gserviceaccount.com",
            "project": "mohab-project-319200",
            "timeouts": null,
            "unique_id": "107771204702745523861"
          },
          "sensitive_attributes": [],
          "private": "eyJlMmJmYjczMC1lY2FhLTExZTYtOGY4OC0zNDM2M2JjN2M0YzAiOnsiY3JlYXRlIjozMDAwMDAwMDAwMDB9fQ=="
        }
      ]
    }
  ]
}
